<?xml version="1.0" encoding="utf-8"?>
<Project ToolsVersion="4.0" xmlns="http://schemas.microsoft.com/developer/msbuild/2003">
  <ItemGroup>
    <ClCompile Include="Edge.cpp">
      <Filter>Source Files</Filter>
    </ClCompile>
    <ClCompile Include="entry.cpp">
      <Filter>Source Files</Filter>
    </ClCompile>
    <ClCompile Include="NaiveStrategy.cpp">
      <Filter>Source Files</Filter>
    </ClCompile>
    <ClCompile Include="Node.cpp">
      <Filter>Source Files</Filter>
    </ClCompile>
    <ClCompile Include="..\tinyxml\tinystr.cpp">
      <Filter>Source Files</Filter>
    </ClCompile>
    <ClCompile Include="..\tinyxml\tinyxml.cpp">
      <Filter>Source Files</Filter>
    </ClCompile>
    <ClCompile Include="..\tinyxml\tinyxmlerror.cpp">
      <Filter>Source Files</Filter>
    </ClCompile>
    <ClCompile Include="..\tinyxml\tinyxmlparser.cpp">
      <Filter>Source Files</Filter>
    </ClCompile>
    <ClCompile Include="Track.cpp">
      <Filter>Source Files</Filter>
    </ClCompile>
    <ClCompile Include="main.cpp">
      <Filter>Source Files</Filter>
    </ClCompile>
    <ClCompile Include="GUIEdge.cpp">
      <Filter>Source Files</Filter>
    </ClCompile>
    <ClCompile Include="GUINode.cpp">
      <Filter>Source Files</Filter>
    </ClCompile>
    <ClCompile Include="GUITrack.cpp">
      <Filter>Source Files</Filter>
    </ClCompile>
    <ClCompile Include="GUIBase.cpp">
      <Filter>Source Files</Filter>
    </ClCompile>
  </ItemGroup>
  <ItemGroup>
    <ClInclude Include="Constraint.h">
      <Filter>Header Files</Filter>
    </ClInclude>
    <ClInclude Include="Edge.h">
      <Filter>Header Files</Filter>
    </ClInclude>
    <ClInclude Include="NaiveStrategy.h">
      <Filter>Header Files</Filter>
    </ClInclude>
    <ClInclude Include="..\include\NIDAQmx.h">
      <Filter>Header Files</Filter>
    </ClInclude>
    <ClInclude Include="Node.h">
      <Filter>Header Files</Filter>
    </ClInclude>
    <ClInclude Include="Strategy.h">
      <Filter>Header Files</Filter>
    </ClInclude>
    <ClInclude Include="Track.h">
      <Filter>Header Files</Filter>
    </ClInclude>
    <ClInclude Include="Win32++\controls.h">
      <Filter>Win32++</Filter>
    </ClInclude>
    <ClInclude Include="Win32++\cstring.h">
      <Filter>Win32++</Filter>
    </ClInclude>
    <ClInclude Include="Win32++\default_resource.h">
      <Filter>Win32++</Filter>
    </ClInclude>
    <ClInclude Include="Win32++\dialog.h">
      <Filter>Win32++</Filter>
    </ClInclude>
    <ClInclude Include="Win32++\docking.h">
      <Filter>Win32++</Filter>
    </ClInclude>
    <ClInclude Include="Win32++\file.h">
      <Filter>Win32++</Filter>
    </ClInclude>
    <ClInclude Include="Win32++\frame.h">
      <Filter>Win32++</Filter>
    </ClInclude>
    <ClInclude Include="Win32++\listview.h">
      <Filter>Win32++</Filter>
    </ClInclude>
    <ClInclude Include="Win32++\mdi.h">
      <Filter>Win32++</Filter>
    </ClInclude>
    <ClInclude Include="Win32++\menu.h">
      <Filter>Win32++</Filter>
    </ClInclude>
    <ClInclude Include="Win32++\propertysheet.h">
      <Filter>Win32++</Filter>
    </ClInclude>
    <ClInclude Include="Win32++\gdi.h">
      <Filter>Win32++</Filter>
    </ClInclude>
    <ClInclude Include="Win32++\rebar.h">
      <Filter>Win32++</Filter>
    </ClInclude>
    <ClInclude Include="Win32++\ribbon.h">
      <Filter>Win32++</Filter>
    </ClInclude>
    <ClInclude Include="Win32++\shared_ptr.h">
      <Filter>Win32++</Filter>
    </ClInclude>
    <ClInclude Include="Win32++\socket.h">
      <Filter>Win32++</Filter>
    </ClInclude>
    <ClInclude Include="Win32++\statusbar.h">
      <Filter>Win32++</Filter>
    </ClInclude>
    <ClInclude Include="Win32++\stdcontrols.h">
      <Filter>Win32++</Filter>
    </ClInclude>
    <ClInclude Include="Win32++\tab.h">
      <Filter>Win32++</Filter>
    </ClInclude>
    <ClInclude Include="Win32++\taskdialog.h">
      <Filter>Win32++</Filter>
    </ClInclude>
    <ClInclude Include="..\tinyxml\tinystr.h">
      <Filter>Header Files</Filter>
    </ClInclude>
    <ClInclude Include="..\tinyxml\tinyxml.h">
      <Filter>Header Files</Filter>
    </ClInclude>
    <ClInclude Include="Win32++\thread.h">
      <Filter>Win32++</Filter>
    </ClInclude>
    <ClInclude Include="Win32++\toolbar.h">
      <Filter>Win32++</Filter>
    </ClInclude>
    <ClInclude Include="Win32++\treeview.h">
      <Filter>Win32++</Filter>
    </ClInclude>
    <ClInclude Include="Win32++\wceframe.h">
      <Filter>Win32++</Filter>
    </ClInclude>
    <ClInclude Include="Win32++\wcestddef.h">
      <Filter>Win32++</Filter>
    </ClInclude>
    <ClInclude Include="Win32++\webbrowser.h">
      <Filter>Win32++</Filter>
    </ClInclude>
    <ClInclude Include="Win32++\wincore.h">
      <Filter>Win32++</Filter>
    </ClInclude>
    <ClInclude Include="Win32++\winutils.h">
      <Filter>Win32++</Filter>
    </ClInclude>
    <ClInclude Include="GUIEdge.h">
      <Filter>Header Files</Filter>
    </ClInclude>
    <ClInclude Include="GUINode.h">
      <Filter>Header Files</Filter>
    </ClInclude>
    <ClInclude Include="GUITrack.h">
      <Filter>Header Files</Filter>
    </ClInclude>
    <ClInclude Include="GUIBase.h">
      <Filter>Header Files</Filter>
    </ClInclude>
  </ItemGroup>
  <ItemGroup>
    <None Include="input.xml" />
  </ItemGroup>
  <ItemGroup>
    <Filter Include="Header Files">
      <UniqueIdentifier>{e78f03d6-1b16-463d-9494-273fdded6a1b}</UniqueIdentifier>
    </Filter>
    <Filter Include="Source Files">
      <UniqueIdentifier>{bd9f6c18-60d0-40c3-8c44-2375bf2da2b8}</UniqueIdentifier>
    </Filter>
    <Filter Include="Win32++">
      <UniqueIdentifier>{025bdabd-23f9-4080-b8c6-44331895c6cc}</UniqueIdentifier>
    </Filter>
  </ItemGroup>
</Project>